# Generated by pub
# See https://dart.dev/tools/pub/glossary#lockfile
packages:
  decimal:
    dependency: transitive
    description:
      name: decimal
      url: "https://pub.dartlang.org"
    source: hosted
    version: "1.0.0"
  defaults_provider_annotations:
    dependency: "direct main"
    description:
      name: defaults_provider_annotations
      url: "https://pub.dartlang.org"
    source: hosted
    version: "1.1.0"
  fixnum:
    dependency: transitive
    description:
      name: fixnum
      url: "https://pub.dartlang.org"
    source: hosted
    version: "1.0.0"
  map_mapper_annotations:
    dependency: "direct main"
    description:
      name: map_mapper_annotations
      url: "https://pub.dartlang.org"
    source: hosted
    version: "1.2.0"
  pedantic:
    dependency: "direct dev"
    description:
      name: pedantic
      url: "https://pub.dartlang.org"
    source: hosted
    version: "1.11.0"
  proto_annotations:
    dependency: "direct main"
    description:
      name: proto_annotations
      url: "https://pub.dartlang.org"
    source: hosted
    version: "1.1.4"
  rational:
    dependency: transitive
    description:
      name: rational
      url: "https://pub.dartlang.org"
    source: hosted
    version: "1.0.0"
  squarealfa_entity_annotations:
    dependency: "direct main"
    description:
      name: squarealfa_entity_annotations
      url: "https://pub.dartlang.org"
    source: hosted
    version: "1.1.0"
sdks:
  dart: ">=2.12.0 <3.0.0"
