# Generated by pub
# See https://dart.dev/tools/pub/glossary#lockfile
packages:
  decimal:
    dependency: transitive
    description:
      name: decimal
      url: "https://pub.dartlang.org"
    source: hosted
    version: "1.0.0"
  defaults_provider_annotations:
    dependency: "direct main"
    description:
      path: "../../defaults_provider/defaults_provider_annotations"
      relative: true
    source: path
    version: "1.0.1"
  fixnum:
    dependency: transitive
    description:
      name: fixnum
      url: "https://pub.dartlang.org"
    source: hosted
    version: "1.0.0"
  map_mapper_annotations:
    dependency: "direct main"
    description:
      path: "../../map_mapper/map_mapper_annotations"
      relative: true
    source: path
    version: "1.1.0"
  pedantic:
    dependency: "direct dev"
    description:
      name: pedantic
      url: "https://pub.dartlang.org"
    source: hosted
    version: "1.11.0"
  proto_annotations:
    dependency: "direct main"
    description:
      path: "../../proto_mapper/proto_annotations"
      relative: true
    source: path
    version: "1.1.4"
  rational:
    dependency: transitive
    description:
      name: rational
      url: "https://pub.dartlang.org"
    source: hosted
    version: "1.0.0"
  squarealfa_entity_annotations:
    dependency: "direct main"
    description:
      path: "../../entity/entity_annotations"
      relative: true
    source: path
    version: "1.0.1"
sdks:
  dart: ">=2.12.0 <3.0.0"
